
Microsoft Visual Studio Solution File, Format Version 12.00
Project("{2150E333-8FDC-42A3-9474-1A3956D46DE8}") = "Client", "Client", "{6A9D52D3-A6BF-4FC8-8E4C-1DD9F040A46F}"
EndProject
Project("{2150E333-8FDC-42A3-9474-1A3956D46DE8}") = "Packages", "Packages", "{92596490-B3A6-4492-A6A4-F948AD1CD34D}"
EndProject
Project("{FAE04EC0-301F-11D3-BF4B-00C04F79EFBC}") = "Main", "Server\Main\Main.csproj", "{F88FB227-1E98-432D-9D5A-7A59BCBC4D2E}"
EndProject
Project("{FAE04EC0-301F-11D3-BF4B-00C04F79EFBC}") = "Entity", "Server\Entity\Entity.csproj", "{70C97558-025D-47A3-AC15-7D9D78F8D0D1}"
EndProject
Project("{FAE04EC0-301F-11D3-BF4B-00C04F79EFBC}") = "Hotfix", "Server\Hotfix\Hotfix.csproj", "{CC03D434-0349-45C8-A3BB-E0DC4FA60A17}"
EndProject
Project("{2150E333-8FDC-42A3-9474-1A3956D46DE8}") = "Server", "Server", "{AB54FF0D-E4AD-4C94-95B4-0FD7025BAC5F}"
EndProject
Project("{FAE04EC0-301F-11D3-BF4B-00C04F79EFBC}") = "Fantasy.Net", "Packages\Fantasy\Fantasy.Net\Fantasy.Net\Fantasy.Net.csproj", "{7129F30B-8CF6-49B6-94C9-9F8B5429E540}"
EndProject
Project("{FAE04EC0-301F-11D3-BF4B-00C04F79EFBC}") = "Fantasy.NLog", "Packages\Fantasy\Fantasy.Packages\Fantasy.NLog\Fantasy.NLog.csproj", "{BB93D105-9913-4EF8-8D4D-9EEC736FE064}"
EndProject
Global
	GlobalSection(SolutionConfigurationPlatforms) = preSolution
		Debug|Any CPU = Debug|Any CPU
		Release|Any CPU = Release|Any CPU
	EndGlobalSection
	GlobalSection(ProjectConfigurationPlatforms) = postSolution
		{F88FB227-1E98-432D-9D5A-7A59BCBC4D2E}.Debug|Any CPU.ActiveCfg = Debug|Any CPU
		{F88FB227-1E98-432D-9D5A-7A59BCBC4D2E}.Debug|Any CPU.Build.0 = Debug|Any CPU
		{F88FB227-1E98-432D-9D5A-7A59BCBC4D2E}.Release|Any CPU.ActiveCfg = Release|Any CPU
		{F88FB227-1E98-432D-9D5A-7A59BCBC4D2E}.Release|Any CPU.Build.0 = Release|Any CPU
		{70C97558-025D-47A3-AC15-7D9D78F8D0D1}.Debug|Any CPU.ActiveCfg = Debug|Any CPU
		{70C97558-025D-47A3-AC15-7D9D78F8D0D1}.Debug|Any CPU.Build.0 = Debug|Any CPU
		{70C97558-025D-47A3-AC15-7D9D78F8D0D1}.Release|Any CPU.ActiveCfg = Release|Any CPU
		{70C97558-025D-47A3-AC15-7D9D78F8D0D1}.Release|Any CPU.Build.0 = Release|Any CPU
		{CC03D434-0349-45C8-A3BB-E0DC4FA60A17}.Debug|Any CPU.ActiveCfg = Debug|Any CPU
		{CC03D434-0349-45C8-A3BB-E0DC4FA60A17}.Debug|Any CPU.Build.0 = Debug|Any CPU
		{CC03D434-0349-45C8-A3BB-E0DC4FA60A17}.Release|Any CPU.ActiveCfg = Release|Any CPU
		{CC03D434-0349-45C8-A3BB-E0DC4FA60A17}.Release|Any CPU.Build.0 = Release|Any CPU
		{7129F30B-8CF6-49B6-94C9-9F8B5429E540}.Debug|Any CPU.ActiveCfg = Debug|Any CPU
		{7129F30B-8CF6-49B6-94C9-9F8B5429E540}.Debug|Any CPU.Build.0 = Debug|Any CPU
		{7129F30B-8CF6-49B6-94C9-9F8B5429E540}.Release|Any CPU.ActiveCfg = Release|Any CPU
		{7129F30B-8CF6-49B6-94C9-9F8B5429E540}.Release|Any CPU.Build.0 = Release|Any CPU
		{BB93D105-9913-4EF8-8D4D-9EEC736FE064}.Debug|Any CPU.ActiveCfg = Debug|Any CPU
		{BB93D105-9913-4EF8-8D4D-9EEC736FE064}.Debug|Any CPU.Build.0 = Debug|Any CPU
		{BB93D105-9913-4EF8-8D4D-9EEC736FE064}.Release|Any CPU.ActiveCfg = Release|Any CPU
		{BB93D105-9913-4EF8-8D4D-9EEC736FE064}.Release|Any CPU.Build.0 = Release|Any CPU
	EndGlobalSection
	GlobalSection(NestedProjects) = preSolution
		{70C97558-025D-47A3-AC15-7D9D78F8D0D1} = {AB54FF0D-E4AD-4C94-95B4-0FD7025BAC5F}
		{CC03D434-0349-45C8-A3BB-E0DC4FA60A17} = {AB54FF0D-E4AD-4C94-95B4-0FD7025BAC5F}
		{F88FB227-1E98-432D-9D5A-7A59BCBC4D2E} = {AB54FF0D-E4AD-4C94-95B4-0FD7025BAC5F}
		{7129F30B-8CF6-49B6-94C9-9F8B5429E540} = {92596490-B3A6-4492-A6A4-F948AD1CD34D}
		{BB93D105-9913-4EF8-8D4D-9EEC736FE064} = {92596490-B3A6-4492-A6A4-F948AD1CD34D}
	EndGlobalSection
EndGlobal
